
Microsoft Visual Studio Solution File, Format Version 12.00
# Visual Studio 2013
VisualStudioVersion = 12.0.30110.0
MinimumVisualStudioVersion = 10.0.40219.1
Project("{FAE04EC0-301F-11D3-BF4B-00C04F79EFBC}") = "Dev.ProcessMonitor", "Dev.ProcessMonitor\Dev.ProcessMonitor.csproj", "{BDE30BD4-1A57-432B-80E2-ED052387926F}"
EndProject
Project("{FAE04EC0-301F-11D3-BF4B-00C04F79EFBC}") = "Dev.ProcessMonitor.Test", "Dev.ProcessMonitor.Test\Dev.ProcessMonitor.Test.csproj", "{4EB9388C-457B-4824-B0D9-B05C76138B17}"
EndProject
Project("{FAE04EC0-301F-11D3-BF4B-00C04F79EFBC}") = "Dev.ProcessMonitor.ConsoleTest", "Dev.ProcessMonitor.ConsoleTest\Dev.ProcessMonitor.ConsoleTest.csproj", "{8FB7AB0B-4A5C-44AF-A35A-2CA7CF018364}"
EndProject
Project("{FAE04EC0-301F-11D3-BF4B-00C04F79EFBC}") = "Dev.ProcessMonitor.TestTargerExe", "Dev.ProcessMonitor.TestTargerExe\Dev.ProcessMonitor.TestTargerExe.csproj", "{097C1CE6-CD7B-4D1A-BA4E-E9042F48241A}"
EndProject
Project("{FAE04EC0-301F-11D3-BF4B-00C04F79EFBC}") = "Dev.ProcessMonitor.FormTest", "Dev.ProcessMonitor.FormTest\Dev.ProcessMonitor.FormTest.csproj", "{7CABBCDE-14EB-4CF4-9A39-CFE6A0863384}"
EndProject
Project("{FAE04EC0-301F-11D3-BF4B-00C04F79EFBC}") = "Dev.ProcessMonitor.WindowServiceTest", "Dev.ProcessMonitor.WindowServiceTest\Dev.ProcessMonitor.WindowServiceTest.csproj", "{B13373DB-9AFF-4FDB-BD44-815692247159}"
EndProject
Global
	GlobalSection(SolutionConfigurationPlatforms) = preSolution
		Debug|Any CPU = Debug|Any CPU
		Release|Any CPU = Release|Any CPU
	EndGlobalSection
	GlobalSection(ProjectConfigurationPlatforms) = postSolution
		{BDE30BD4-1A57-432B-80E2-ED052387926F}.Debug|Any CPU.ActiveCfg = Debug|Any CPU
		{BDE30BD4-1A57-432B-80E2-ED052387926F}.Debug|Any CPU.Build.0 = Debug|Any CPU
		{BDE30BD4-1A57-432B-80E2-ED052387926F}.Release|Any CPU.ActiveCfg = Release|Any CPU
		{BDE30BD4-1A57-432B-80E2-ED052387926F}.Release|Any CPU.Build.0 = Release|Any CPU
		{4EB9388C-457B-4824-B0D9-B05C76138B17}.Debug|Any CPU.ActiveCfg = Debug|Any CPU
		{4EB9388C-457B-4824-B0D9-B05C76138B17}.Debug|Any CPU.Build.0 = Debug|Any CPU
		{4EB9388C-457B-4824-B0D9-B05C76138B17}.Release|Any CPU.ActiveCfg = Release|Any CPU
		{4EB9388C-457B-4824-B0D9-B05C76138B17}.Release|Any CPU.Build.0 = Release|Any CPU
		{8FB7AB0B-4A5C-44AF-A35A-2CA7CF018364}.Debug|Any CPU.ActiveCfg = Debug|Any CPU
		{8FB7AB0B-4A5C-44AF-A35A-2CA7CF018364}.Debug|Any CPU.Build.0 = Debug|Any CPU
		{8FB7AB0B-4A5C-44AF-A35A-2CA7CF018364}.Release|Any CPU.ActiveCfg = Release|Any CPU
		{8FB7AB0B-4A5C-44AF-A35A-2CA7CF018364}.Release|Any CPU.Build.0 = Release|Any CPU
		{097C1CE6-CD7B-4D1A-BA4E-E9042F48241A}.Debug|Any CPU.ActiveCfg = Debug|Any CPU
		{097C1CE6-CD7B-4D1A-BA4E-E9042F48241A}.Debug|Any CPU.Build.0 = Debug|Any CPU
		{097C1CE6-CD7B-4D1A-BA4E-E9042F48241A}.Release|Any CPU.ActiveCfg = Release|Any CPU
		{097C1CE6-CD7B-4D1A-BA4E-E9042F48241A}.Release|Any CPU.Build.0 = Release|Any CPU
		{7CABBCDE-14EB-4CF4-9A39-CFE6A0863384}.Debug|Any CPU.ActiveCfg = Debug|Any CPU
		{7CABBCDE-14EB-4CF4-9A39-CFE6A0863384}.Debug|Any CPU.Build.0 = Debug|Any CPU
		{7CABBCDE-14EB-4CF4-9A39-CFE6A0863384}.Release|Any CPU.ActiveCfg = Release|Any CPU
		{7CABBCDE-14EB-4CF4-9A39-CFE6A0863384}.Release|Any CPU.Build.0 = Release|Any CPU
		{B13373DB-9AFF-4FDB-BD44-815692247159}.Debug|Any CPU.ActiveCfg = Debug|Any CPU
		{B13373DB-9AFF-4FDB-BD44-815692247159}.Debug|Any CPU.Build.0 = Debug|Any CPU
		{B13373DB-9AFF-4FDB-BD44-815692247159}.Release|Any CPU.ActiveCfg = Release|Any CPU
		{B13373DB-9AFF-4FDB-BD44-815692247159}.Release|Any CPU.Build.0 = Release|Any CPU
	EndGlobalSection
	GlobalSection(SolutionProperties) = preSolution
		HideSolutionNode = FALSE
	EndGlobalSection
EndGlobal
